<?xml version="1.0" encoding="utf-8"?>
<Project ToolsVersion="4.0" xmlns="http://schemas.microsoft.com/developer/msbuild/2003">
  <ItemGroup>
    <Filter Include="Source Files">
      <UniqueIdentifier>{4FC737F1-C7A5-4376-A066-2A32D752A2FF}</UniqueIdentifier>
      <Extensions>cpp;c;cc;cxx;def;odl;idl;hpj;bat;asm;asmx</Extensions>
    </Filter>
    <Filter Include="Header Files">
      <UniqueIdentifier>{93995380-89BD-4b04-88EB-625FBE52EBFB}</UniqueIdentifier>
      <Extensions>h;hpp;hxx;hm;inl;inc;xsd</Extensions>
    </Filter>
    <Filter Include="Resource Files">
      <UniqueIdentifier>{67DA6AB6-F800-4c08-8B7A-83BB121AAD01}</UniqueIdentifier>
      <Extensions>rc;ico;cur;bmp;dlg;rc2;rct;bin;rgs;gif;jpg;jpeg;jpe;resx;tiff;tif;png;wav;mfcribbon-ms</Extensions>
    </Filter>
    <Filter Include="Header Files\common">
      <UniqueIdentifier>{5a2b623b-913b-4519-94c6-d494c85f8371}</UniqueIdentifier>
    </Filter>
    <Filter Include="Header Files\cuda">
      <UniqueIdentifier>{9e063494-327d-45d6-930a-9d5c46dfe68b}</UniqueIdentifier>
    </Filter>
    <Filter Include="Header Files\system">
      <UniqueIdentifier>{b5390aff-2f7a-42e7-8ec5-a200de277e3d}</UniqueIdentifier>
    </Filter>
    <Filter Include="Source Files\common">
      <UniqueIdentifier>{6f85fd8a-a102-49ce-b87a-e7c6011ab1ee}</UniqueIdentifier>
    </Filter>
    <Filter Include="Source Files\cuda">
      <UniqueIdentifier>{ff38ba11-c744-49bc-abf6-9ee29f1c66ad}</UniqueIdentifier>
    </Filter>
    <Filter Include="Source Files\system">
      <UniqueIdentifier>{90bbe090-5132-4080-a735-402423407793}</UniqueIdentifier>
    </Filter>
    <Filter Include="Header Files\cuda\math">
      <UniqueIdentifier>{68539397-1cb9-4fc3-8d73-6914be3f7ea5}</UniqueIdentifier>
    </Filter>
  </ItemGroup>
  <ItemGroup>
    <ClCompile Include="main.cpp">
      <Filter>Source Files</Filter>
    </ClCompile>
    <ClCompile Include="common\cdatastreamfile.cpp">
      <Filter>Source Files\common</Filter>
    </ClCompile>
    <ClCompile Include="common\cmatrix.cpp">
      <Filter>Source Files\common</Filter>
    </ClCompile>
    <ClCompile Include="common\craiifilein.cpp">
      <Filter>Source Files\common</Filter>
    </ClCompile>
    <ClCompile Include="common\craiifileout.cpp">
      <Filter>Source Files\common</Filter>
    </ClCompile>
    <ClCompile Include="common\cvector.cpp">
      <Filter>Source Files\common</Filter>
    </ClCompile>
    <ClCompile Include="common\idatastream.cpp">
      <Filter>Source Files\common</Filter>
    </ClCompile>
    <ClCompile Include="common\tga.cpp">
      <Filter>Source Files\common</Filter>
    </ClCompile>
    <ClCompile Include="system\system.cpp">
      <Filter>Source Files\system</Filter>
    </ClCompile>
  </ItemGroup>
  <ItemGroup>
    <ClInclude Include="common\cdatastreamfile.h">
      <Filter>Header Files\common</Filter>
    </ClInclude>
    <ClInclude Include="common\cimage.h">
      <Filter>Header Files\common</Filter>
    </ClInclude>
    <ClInclude Include="common\cmatrix.h">
      <Filter>Header Files\common</Filter>
    </ClInclude>
    <ClInclude Include="common\craiifilein.h">
      <Filter>Header Files\common</Filter>
    </ClInclude>
    <ClInclude Include="common\craiifileout.h">
      <Filter>Header Files\common</Filter>
    </ClInclude>
    <ClInclude Include="common\cvector.h">
      <Filter>Header Files\common</Filter>
    </ClInclude>
    <ClInclude Include="common\idatastream.h">
      <Filter>Header Files\common</Filter>
    </ClInclude>
    <ClInclude Include="common\tga.h">
      <Filter>Header Files\common</Filter>
    </ClInclude>
    <ClInclude Include="cuda\ccudacnn.cu.h">
      <Filter>Header Files\cuda</Filter>
    </ClInclude>
    <ClInclude Include="cuda\ccudamatrixstorage.cu.h">
      <Filter>Header Files\cuda</Filter>
    </ClInclude>
    <ClInclude Include="cuda\ccudasharedptr.cu.h">
      <Filter>Header Files\cuda</Filter>
    </ClInclude>
    <ClInclude Include="cuda\cuda.cu.h">
      <Filter>Header Files\cuda</Filter>
    </ClInclude>
    <ClInclude Include="cuda\handle_error.cu.h">
      <Filter>Header Files\cuda</Filter>
    </ClInclude>
    <ClInclude Include="cuda\math\ccudabackconvolution.cu.h">
      <Filter>Header Files\cuda\math</Filter>
    </ClInclude>
    <ClInclude Include="cuda\math\ccudabackdeconvolution.cu.h">
      <Filter>Header Files\cuda\math</Filter>
    </ClInclude>
    <ClInclude Include="cuda\math\ccudaforwardconvolution.cu.h">
      <Filter>Header Files\cuda\math</Filter>
    </ClInclude>
    <ClInclude Include="cuda\math\ccudafunction.cu.h">
      <Filter>Header Files\cuda\math</Filter>
    </ClInclude>
    <ClInclude Include="cuda\math\ccudamaxdepooling.cu.h">
      <Filter>Header Files\cuda\math</Filter>
    </ClInclude>
    <ClInclude Include="cuda\math\ccudamaxpooling.cu.h">
      <Filter>Header Files\cuda\math</Filter>
    </ClInclude>
    <ClInclude Include="system\system.h">
      <Filter>Header Files\system</Filter>
    </ClInclude>
    <ClInclude Include="cuda\ccudatimespent.cu.h">
      <Filter>Header Files\cuda</Filter>
    </ClInclude>
  </ItemGroup>
  <ItemGroup>
    <CudaCompile Include="cuda\cuda.cu">
      <Filter>Source Files\cuda</Filter>
    </CudaCompile>
  </ItemGroup>
</Project>